
Microsoft Visual Studio Solution File, Format Version 12.00
# Visual Studio Version 16
VisualStudioVersion = 16.0.29519.87
MinimumVisualStudioVersion = 10.0.40219.1
Project("{FAE04EC0-301F-11D3-BF4B-00C04F79EFBC}") = "Adegas", "Adegas\Adegas.csproj", "{9E2B1BE5-AD76-43AB-98B0-B0CDDB1F976B}"
EndProject
Global
	GlobalSection(SolutionConfigurationPlatforms) = preSolution
		Debug|Any CPU = Debug|Any CPU
		Release|Any CPU = Release|Any CPU
	EndGlobalSection
	GlobalSection(ProjectConfigurationPlatforms) = postSolution
		{9E2B1BE5-AD76-43AB-98B0-B0CDDB1F976B}.Debug|Any CPU.ActiveCfg = Debug|Any CPU
		{9E2B1BE5-AD76-43AB-98B0-B0CDDB1F976B}.Debug|Any CPU.Build.0 = Debug|Any CPU
		{9E2B1BE5-AD76-43AB-98B0-B0CDDB1F976B}.Release|Any CPU.ActiveCfg = Release|Any CPU
		{9E2B1BE5-AD76-43AB-98B0-B0CDDB1F976B}.Release|Any CPU.Build.0 = Release|Any CPU
	EndGlobalSection
	GlobalSection(SolutionProperties) = preSolution
		HideSolutionNode = FALSE
	EndGlobalSection
	GlobalSection(ExtensibilityGlobals) = postSolution
		SolutionGuid = {8EB01ABA-3830-4FB2-951A-6752EAB11481}
	EndGlobalSection
EndGlobal
